// !$*UTF8*$!
{
	archiveVersion = 1;
	classes = {
	};
	objectVersion = 56;
	objects = {

/* Begin PBXBuildFile section */
		D125D8E22C4FE33B003E189B /* AppDelegate.swift in Sources */ = {isa = PBXBuildFile; fileRef = D125D8E12C4FE33B003E189B /* AppDelegate.swift */; };
		D125D8E42C4FE33B003E189B /* SceneDelegate.swift in Sources */ = {isa = PBXBuildFile; fileRef = D125D8E32C4FE33B003E189B /* SceneDelegate.swift */; };
		D125D8E62C4FE33B003E189B /* ViewController.swift in Sources */ = {isa = PBXBuildFile; fileRef = D125D8E52C4FE33B003E189B /* ViewController.swift */; };
		D125D8E92C4FE33B003E189B /* Base in Resources */ = {isa = PBXBuildFile; fileRef = D125D8E82C4FE33B003E189B /* Base */; };
		D125D8EB2C4FE33D003E189B /* Assets.xcassets in Resources */ = {isa = PBXBuildFile; fileRef = D125D8EA2C4FE33D003E189B /* Assets.xcassets */; };
		D125D8EE2C4FE33D003E189B /* Base in Resources */ = {isa = PBXBuildFile; fileRef = D125D8ED2C4FE33D003E189B /* Base */; };
		D125D8F62C4FE71C003E189B /* MapViewModel.swift in Sources */ = {isa = PBXBuildFile; fileRef = D125D8F52C4FE71C003E189B /* MapViewModel.swift */; };
		D125D8F82C4FEB9D003E189B /* MapViewViewController.swift in Sources */ = {isa = PBXBuildFile; fileRef = D125D8F72C4FEB9D003E189B /* MapViewViewController.swift */; };
/* End PBXBuildFile section */

/* Begin PBXFileReference section */
		D125D8DE2C4FE33B003E189B /* mapkit-integration.app */ = {isa = PBXFileReference; explicitFileType = wrapper.application; includeInIndex = 0; path = "mapkit-integration.app"; sourceTree = BUILT_PRODUCTS_DIR; };
		D125D8E12C4FE33B003E189B /* AppDelegate.swift */ = {isa = PBXFileReference; lastKnownFileType = sourcecode.swift; path = AppDelegate.swift; sourceTree = "<group>"; };
		D125D8E32C4FE33B003E189B /* SceneDelegate.swift */ = {isa = PBXFileReference; lastKnownFileType = sourcecode.swift; path = SceneDelegate.swift; sourceTree = "<group>"; };
		D125D8E52C4FE33B003E189B /* ViewController.swift */ = {isa = PBXFileReference; lastKnownFileType = sourcecode.swift; path = ViewController.swift; sourceTree = "<group>"; };
		D125D8E82C4FE33B003E189B /* Base */ = {isa = PBXFileReference; lastKnownFileType = file.storyboard; name = Base; path = Base.lproj/Main.storyboard; sourceTree = "<group>"; };
		D125D8EA2C4FE33D003E189B /* Assets.xcassets */ = {isa = PBXFileReference; lastKnownFileType = folder.assetcatalog; path = Assets.xcassets; sourceTree = "<group>"; };
		D125D8ED2C4FE33D003E189B /* Base */ = {isa = PBXFileReference; lastKnownFileType = file.storyboard; name = Base; path = Base.lproj/LaunchScreen.storyboard; sourceTree = "<group>"; };
		D125D8EF2C4FE33D003E189B /* Info.plist */ = {isa = PBXFileReference; lastKnownFileType = text.plist.xml; path = Info.plist; sourceTree = "<group>"; };
		D125D8F52C4FE71C003E189B /* MapViewModel.swift */ = {isa = PBXFileReference; lastKnownFileType = sourcecode.swift; path = MapViewModel.swift; sourceTree = "<group>"; };
		D125D8F72C4FEB9D003E189B /* MapViewViewController.swift */ = {isa = PBXFileReference; lastKnownFileType = sourcecode.swift; path = MapViewViewController.swift; sourceTree = "<group>"; };
/* End PBXFileReference section */

/* Begin PBXFrameworksBuildPhase section */
		D125D8DB2C4FE33B003E189B /* Frameworks */ = {
			isa = PBXFrameworksBuildPhase;
			buildActionMask = 2147483647;
			files = (
			);
			runOnlyForDeploymentPostprocessing = 0;
		};
/* End PBXFrameworksBuildPhase section */

/* Begin PBXGroup section */
		D125D8D52C4FE33B003E189B = {
			isa = PBXGroup;
			children = (
				D125D8F52C4FE71C003E189B /* MapViewModel.swift */,
				D125D8E02C4FE33B003E189B /* mapkit-integration */,
				D125D8DF2C4FE33B003E189B /* Products */,
			);
			sourceTree = "<group>";
		};
		D125D8DF2C4FE33B003E189B /* Products */ = {
			isa = PBXGroup;
			children = (
				D125D8DE2C4FE33B003E189B /* mapkit-integration.app */,
			);
			name = Products;
			sourceTree = "<group>";
		};
		D125D8E02C4FE33B003E189B /* mapkit-integration */ = {
			isa = PBXGroup;
			children = (
				D125D8E12C4FE33B003E189B /* AppDelegate.swift */,
				D125D8E32C4FE33B003E189B /* SceneDelegate.swift */,
				D125D8E52C4FE33B003E189B /* ViewController.swift */,
				D125D8E72C4FE33B003E189B /* Main.storyboard */,
				D125D8EA2C4FE33D003E189B /* Assets.xcassets */,
				D125D8EC2C4FE33D003E189B /* LaunchScreen.storyboard */,
				D125D8EF2C4FE33D003E189B /* Info.plist */,
				D125D8F72C4FEB9D003E189B /* MapViewViewController.swift */,
			);
			path = "mapkit-integration";
			sourceTree = "<group>";
		};
/* End PBXGroup section */

/* Begin PBXNativeTarget section */
		D125D8DD2C4FE33B003E189B /* mapkit-integration */ = {
			isa = PBXNativeTarget;
			buildConfigurationList = D125D8F22C4FE33D003E189B /* Build configuration list for PBXNativeTarget "mapkit-integration" */;
			buildPhases = (
				D125D8DA2C4FE33B003E189B /* Sources */,
				D125D8DB2C4FE33B003E189B /* Frameworks */,
				D125D8DC2C4FE33B003E189B /* Resources */,
			);
			buildRules = (
			);
			dependencies = (
			);
			name = "mapkit-integration";
			productName = "mapkit-integration";
			productReference = D125D8DE2C4FE33B003E189B /* mapkit-integration.app */;
			productType = "com.apple.product-type.application";
		};
/* End PBXNativeTarget section */

/* Begin PBXProject section */
		D125D8D62C4FE33B003E189B /* Project object */ = {
			isa = PBXProject;
			attributes = {
				BuildIndependentTargetsInParallel = 1;
				LastSwiftUpdateCheck = 1530;
				LastUpgradeCheck = 1530;
				TargetAttributes = {
					D125D8DD2C4FE33B003E189B = {
						CreatedOnToolsVersion = 15.3;
					};
				};
			};
			buildConfigurationList = D125D8D92C4FE33B003E189B /* Build configuration list for PBXProject "mapkit-integration" */;
			compatibilityVersion = "Xcode 14.0";
			developmentRegion = en;
			hasScannedForEncodings = 0;
			knownRegions = (
				en,
				Base,
			);
			mainGroup = D125D8D52C4FE33B003E189B;
			productRefGroup = D125D8DF2C4FE33B003E189B /* Products */;
			projectDirPath = "";
			projectRoot = "";
			targets = (
				D125D8DD2C4FE33B003E189B /* mapkit-integration */,
			);
		};
/* End PBXProject section */

/* Begin PBXResourcesBuildPhase section */
		D125D8DC2C4FE33B003E189B /* Resources */ = {
			isa = PBXResourcesBuildPhase;
			buildActionMask = 2147483647;
			files = (
				D125D8EB2C4FE33D003E189B /* Assets.xcassets in Resources */,
				D125D8EE2C4FE33D003E189B /* Base in Resources */,
				D125D8E92C4FE33B003E189B /* Base in Resources */,
			);
			runOnlyForDeploymentPostprocessing = 0;
		};
/* End PBXResourcesBuildPhase section */

/* Begin PBXSourcesBuildPhase section */
		D125D8DA2C4FE33B003E189B /* Sources */ = {
			isa = PBXSourcesBuildPhase;
			buildActionMask = 2147483647;
			files = (
				D125D8E62C4FE33B003E189B /* ViewController.swift in Sources */,
				D125D8E22C4FE33B003E189B /* AppDelegate.swift in Sources */,
				D125D8E42C4FE33B003E189B /* SceneDelegate.swift in Sources */,
				D125D8F62C4FE71C003E189B /* MapViewModel.swift in Sources */,
				D125D8F82C4FEB9D003E189B /* MapViewViewController.swift in Sources */,
			);
			runOnlyForDeploymentPostprocessing = 0;
		};
/* End PBXSourcesBuildPhase section */

/* Begin PBXVariantGroup section */
		D125D8E72C4FE33B003E189B /* Main.storyboard */ = {
			isa = PBXVariantGroup;
			children = (
				D125D8E82C4FE33B003E189B /* Base */,
			);
			name = Main.storyboard;
			sourceTree = "<group>";
		};
		D125D8EC2C4FE33D003E189B /* LaunchScreen.storyboard */ = {
			isa = PBXVariantGroup;
			children = (
				D125D8ED2C4FE33D003E189B /* Base */,
			);
			name = LaunchScreen.storyboard;
			sourceTree = "<group>";
		};
/* End PBXVariantGroup section */

/* Begin XCBuildConfiguration section */
		D125D8F02C4FE33D003E189B /* Debug */ = {
			isa = XCBuildConfiguration;
			buildSettings = {
				ALWAYS_SEARCH_USER_PATHS = NO;
				ASSETCATALOG_COMPILER_GENERATE_SWIFT_ASSET_SYMBOL_EXTENSIONS = YES;
				CLANG_ANALYZER_NONNULL = YES;
				CLANG_ANALYZER_NUMBER_OBJECT_CONVERSION = YES_AGGRESSIVE;
				CLANG_CXX_LANGUAGE_STANDARD = "gnu++20";
				CLANG_ENABLE_MODULES = YES;
				CLANG_ENABLE_OBJC_ARC = YES;
				CLANG_ENABLE_OBJC_WEAK = YES;
				CLANG_WARN_BLOCK_CAPTURE_AUTORELEASING = YES;
				CLANG_WARN_BOOL_CONVERSION = YES;
				CLANG_WARN_COMMA = YES;
				CLANG_WARN_CONSTANT_CONVERSION = YES;
				CLANG_WARN_DEPRECATED_OBJC_IMPLEMENTATIONS = YES;
				CLANG_WARN_DIRECT_OBJC_ISA_USAGE = YES_ERROR;
				CLANG_WARN_DOCUMENTATION_COMMENTS = YES;
				CLANG_WARN_EMPTY_BODY = YES;
				CLANG_WARN_ENUM_CONVERSION = YES;
				CLANG_WARN_INFINITE_RECURSION = YES;
				CLANG_WARN_INT_CONVERSION = YES;
				CLANG_WARN_NON_LITERAL_NULL_CONVERSION = YES;
				CLANG_WARN_OBJC_IMPLICIT_RETAIN_SELF = YES;
				CLANG_WARN_OBJC_LITERAL_CONVERSION = YES;
				CLANG_WARN_OBJC_ROOT_CLASS = YES_ERROR;
				CLANG_WARN_QUOTED_INCLUDE_IN_FRAMEWORK_HEADER = YES;
				CLANG_WARN_RANGE_LOOP_ANALYSIS = YES;
				CLANG_WARN_STRICT_PROTOTYPES = YES;
				CLANG_WARN_SUSPICIOUS_MOVE = YES;
				CLANG_WARN_UNGUARDED_AVAILABILITY = YES_AGGRESSIVE;
				CLANG_WARN_UNREACHABLE_CODE = YES;
				CLANG_WARN__DUPLICATE_METHOD_MATCH = YES;
				COPY_PHASE_STRIP = NO;
				DEBUG_INFORMATION_FORMAT = dwarf;
				ENABLE_STRICT_OBJC_MSGSEND = YES;
				ENABLE_TESTABILITY = YES;
				ENABLE_USER_SCRIPT_SANDBOXING = YES;
				GCC_C_LANGUAGE_STANDARD = gnu17;
				GCC_DYNAMIC_NO_PIC = NO;
				GCC_NO_COMMON_BLOCKS = YES;
				GCC_OPTIMIZATION_LEVEL = 0;
				GCC_PREPROCESSOR_DEFINITIONS = (
					"DEBUG=1",
					"$(inherited)",
				);
				GCC_WARN_64_TO_32_BIT_CONVERSION = YES;
				GCC_WARN_ABOUT_RETURN_TYPE = YES_ERROR;
				GCC_WARN_UNDECLARED_SELECTOR = YES;
				GCC_WARN_UNINITIALIZED_AUTOS = YES_AGGRESSIVE;
				GCC_WARN_UNUSED_FUNCTION = YES;
				GCC_WARN_UNUSED_VARIABLE = YES;
				IPHONEOS_DEPLOYMENT_TARGET = 17.4;
				LOCALIZATION_PREFERS_STRING_CATALOGS = YES;
				MTL_ENABLE_DEBUG_INFO = INCLUDE_SOURCE;
				MTL_FAST_MATH = YES;
				ONLY_ACTIVE_ARCH = YES;
				SDKROOT = iphoneos;
				SWIFT_ACTIVE_COMPILATION_CONDITIONS = "DEBUG $(inherited)";
				SWIFT_OPTIMIZATION_LEVEL = "-Onone";
			};
			name = Debug;
		};
		D125D8F12C4FE33D003E189B /* Release */ = {
			isa = XCBuildConfiguration;
			buildSettings = {
				ALWAYS_SEARCH_USER_PATHS = NO;
				ASSETCATALOG_COMPILER_GENERATE_SWIFT_ASSET_SYMBOL_EXTENSIONS = YES;
				CLANG_ANALYZER_NONNULL = YES;
				CLANG_ANALYZER_NUMBER_OBJECT_CONVERSION = YES_AGGRESSIVE;
				CLANG_CXX_LANGUAGE_STANDARD = "gnu++20";
				CLANG_ENABLE_MODULES = YES;
				CLANG_ENABLE_OBJC_ARC = YES;
				CLANG_ENABLE_OBJC_WEAK = YES;
				CLANG_WARN_BLOCK_CAPTURE_AUTORELEASING = YES;
				CLANG_WARN_BOOL_CONVERSION = YES;
				CLANG_WARN_COMMA = YES;
				CLANG_WARN_CONSTANT_CONVERSION = YES;
				CLANG_WARN_DEPRECATED_OBJC_IMPLEMENTATIONS = YES;
				CLANG_WARN_DIRECT_OBJC_ISA_USAGE = YES_ERROR;
				CLANG_WARN_DOCUMENTATION_COMMENTS = YES;
				CLANG_WARN_EMPTY_BODY = YES;
				CLANG_WARN_ENUM_CONVERSION = YES;
				CLANG_WARN_INFINITE_RECURSION = YES;
				CLANG_WARN_INT_CONVERSION = YES;
				CLANG_WARN_NON_LITERAL_NULL_CONVERSION = YES;
				CLANG_WARN_OBJC_IMPLICIT_RETAIN_SELF = YES;
				CLANG_WARN_OBJC_LITERAL_CONVERSION = YES;
				CLANG_WARN_OBJC_ROOT_CLASS = YES_ERROR;
				CLANG_WARN_QUOTED_INCLUDE_IN_FRAMEWORK_HEADER = YES;
				CLANG_WARN_RANGE_LOOP_ANALYSIS = YES;
				CLANG_WARN_STRICT_PROTOTYPES = YES;
				CLANG_WARN_SUSPICIOUS_MOVE = YES;
				CLANG_WARN_UNGUARDED_AVAILABILITY = YES_AGGRESSIVE;
				CLANG_WARN_UNREACHABLE_CODE = YES;
				CLANG_WARN__DUPLICATE_METHOD_MATCH = YES;
				COPY_PHASE_STRIP = NO;
				DEBUG_INFORMATION_FORMAT = "dwarf-with-dsym";
				ENABLE_NS_ASSERTIONS = NO;
				ENABLE_STRICT_OBJC_MSGSEND = YES;
				ENABLE_USER_SCRIPT_SANDBOXING = YES;
				GCC_C_LANGUAGE_STANDARD = gnu17;
				GCC_NO_COMMON_BLOCKS = YES;
				GCC_WARN_64_TO_32_BIT_CONVERSION = YES;
				GCC_WARN_ABOUT_RETURN_TYPE = YES_ERROR;
				GCC_WARN_UNDECLARED_SELECTOR = YES;
				GCC_WARN_UNINITIALIZED_AUTOS = YES_AGGRESSIVE;
				GCC_WARN_UNUSED_FUNCTION = YES;
				GCC_WARN_UNUSED_VARIABLE = YES;
				IPHONEOS_DEPLOYMENT_TARGET = 17.4;
				LOCALIZATION_PREFERS_STRING_CATALOGS = YES;
				MTL_ENABLE_DEBUG_INFO = NO;
				MTL_FAST_MATH = YES;
				SDKROOT = iphoneos;
				SWIFT_COMPILATION_MODE = wholemodule;
				VALIDATE_PRODUCT = YES;
			};
			name = Release;
		};
		D125D8F32C4FE33D003E189B /* Debug */ = {
			isa = XCBuildConfiguration;
			buildSettings = {
				ASSETCATALOG_COMPILER_APPICON_NAME = AppIcon;
				ASSETCATALOG_COMPILER_GLOBAL_ACCENT_COLOR_NAME = AccentColor;
				CODE_SIGN_STYLE = Automatic;
				CURRENT_PROJECT_VERSION = 1;
				DEVELOPMENT_TEAM = 268K2384XN;
				GENERATE_INFOPLIST_FILE = YES;
				INFOPLIST_FILE = "mapkit-integration/Info.plist";
				INFOPLIST_KEY_UIApplicationSupportsIndirectInputEvents = YES;
				INFOPLIST_KEY_UILaunchStoryboardName = LaunchScreen;
				INFOPLIST_KEY_UIMainStoryboardFile = Main;
				INFOPLIST_KEY_UISupportedInterfaceOrientations_iPad = "UIInterfaceOrientationPortrait UIInterfaceOrientationPortraitUpsideDown UIInterfaceOrientationLandscapeLeft UIInterfaceOrientationLandscapeRight";
				INFOPLIST_KEY_UISupportedInterfaceOrientations_iPhone = "UIInterfaceOrientationPortrait UIInterfaceOrientationLandscapeLeft UIInterfaceOrientationLandscapeRight";
				LD_RUNPATH_SEARCH_PATHS = (
					"$(inherited)",
					"@executable_path/Frameworks",
				);
				MARKETING_VERSION = 1.0;
				PRODUCT_BUNDLE_IDENTIFIER = "KOS-INNOVATIONS.mapkit-integration";
				PRODUCT_NAME = "$(TARGET_NAME)";
				SWIFT_EMIT_LOC_STRINGS = YES;
				SWIFT_VERSION = 5.0;
				TARGETED_DEVICE_FAMILY = "1,2";
			};
			name = Debug;
		};
		D125D8F42C4FE33D003E189B /* Release */ = {
			isa = XCBuildConfiguration;
			buildSettings = {
				ASSETCATALOG_COMPILER_APPICON_NAME = AppIcon;
				ASSETCATALOG_COMPILER_GLOBAL_ACCENT_COLOR_NAME = AccentColor;
				CODE_SIGN_STYLE = Automatic;
				CURRENT_PROJECT_VERSION = 1;
				DEVELOPMENT_TEAM = 268K2384XN;
				GENERATE_INFOPLIST_FILE = YES;
				INFOPLIST_FILE = "mapkit-integration/Info.plist";
				INFOPLIST_KEY_UIApplicationSupportsIndirectInputEvents = YES;
				INFOPLIST_KEY_UILaunchStoryboardName = LaunchScreen;
				INFOPLIST_KEY_UIMainStoryboardFile = Main;
				INFOPLIST_KEY_UISupportedInterfaceOrientations_iPad = "UIInterfaceOrientationPortrait UIInterfaceOrientationPortraitUpsideDown UIInterfaceOrientationLandscapeLeft UIInterfaceOrientationLandscapeRight";
				INFOPLIST_KEY_UISupportedInterfaceOrientations_iPhone = "UIInterfaceOrientationPortrait UIInterfaceOrientationLandscapeLeft UIInterfaceOrientationLandscapeRight";
				LD_RUNPATH_SEARCH_PATHS = (
					"$(inherited)",
					"@executable_path/Frameworks",
				);
				MARKETING_VERSION = 1.0;
				PRODUCT_BUNDLE_IDENTIFIER = "KOS-INNOVATIONS.mapkit-integration";
				PRODUCT_NAME = "$(TARGET_NAME)";
				SWIFT_EMIT_LOC_STRINGS = YES;
				SWIFT_VERSION = 5.0;
				TARGETED_DEVICE_FAMILY = "1,2";
			};
			name = Release;
		};
/* End XCBuildConfiguration section */

/* Begin XCConfigurationList section */
		D125D8D92C4FE33B003E189B /* Build configuration list for PBXProject "mapkit-integration" */ = {
			isa = XCConfigurationList;
			buildConfigurations = (
				D125D8F02C4FE33D003E189B /* Debug */,
				D125D8F12C4FE33D003E189B /* Release */,
			);
			defaultConfigurationIsVisible = 0;
			defaultConfigurationName = Release;
		};
		D125D8F22C4FE33D003E189B /* Build configuration list for PBXNativeTarget "mapkit-integration" */ = {
			isa = XCConfigurationList;
			buildConfigurations = (
				D125D8F32C4FE33D003E189B /* Debug */,
				D125D8F42C4FE33D003E189B /* Release */,
			);
			defaultConfigurationIsVisible = 0;
			defaultConfigurationName = Release;
		};
/* End XCConfigurationList section */
	};
	rootObject = D125D8D62C4FE33B003E189B /* Project object */;
}
